
Microsoft Visual Studio Solution File, Format Version 12.00
# Visual Studio 15
VisualStudioVersion = 15.0.26403.7
MinimumVisualStudioVersion = 10.0.40219.1
Project("{FAE04EC0-301F-11D3-BF4B-00C04F79EFBC}") = "DressingApplication", "DressingApplication\DressingApplication.csproj", "{9F128E43-D15B-4049-82C4-CA1D68CCB772}"
EndProject
Project("{FAE04EC0-301F-11D3-BF4B-00C04F79EFBC}") = "BLL", "BLL\BLL.csproj", "{B08800E0-767E-48C8-BDCC-F4577FBA9E8D}"
EndProject
Project("{FAE04EC0-301F-11D3-BF4B-00C04F79EFBC}") = "DAL", "DAL\DAL.csproj", "{CFC458F1-9295-4936-B764-E77204EFD1E0}"
EndProject
Project("{FAE04EC0-301F-11D3-BF4B-00C04F79EFBC}") = "DressingApplicationTest", "DressingApplicationTest\DressingApplicationTest.csproj", "{7955B533-081D-49A2-8C2D-287F19777940}"
EndProject
Global
	GlobalSection(SolutionConfigurationPlatforms) = preSolution
		Debug|Any CPU = Debug|Any CPU
		Release|Any CPU = Release|Any CPU
	EndGlobalSection
	GlobalSection(ProjectConfigurationPlatforms) = postSolution
		{9F128E43-D15B-4049-82C4-CA1D68CCB772}.Debug|Any CPU.ActiveCfg = Debug|Any CPU
		{9F128E43-D15B-4049-82C4-CA1D68CCB772}.Debug|Any CPU.Build.0 = Debug|Any CPU
		{9F128E43-D15B-4049-82C4-CA1D68CCB772}.Release|Any CPU.ActiveCfg = Release|Any CPU
		{9F128E43-D15B-4049-82C4-CA1D68CCB772}.Release|Any CPU.Build.0 = Release|Any CPU
		{B08800E0-767E-48C8-BDCC-F4577FBA9E8D}.Debug|Any CPU.ActiveCfg = Debug|Any CPU
		{B08800E0-767E-48C8-BDCC-F4577FBA9E8D}.Debug|Any CPU.Build.0 = Debug|Any CPU
		{B08800E0-767E-48C8-BDCC-F4577FBA9E8D}.Release|Any CPU.ActiveCfg = Release|Any CPU
		{B08800E0-767E-48C8-BDCC-F4577FBA9E8D}.Release|Any CPU.Build.0 = Release|Any CPU
		{CFC458F1-9295-4936-B764-E77204EFD1E0}.Debug|Any CPU.ActiveCfg = Debug|Any CPU
		{CFC458F1-9295-4936-B764-E77204EFD1E0}.Debug|Any CPU.Build.0 = Debug|Any CPU
		{CFC458F1-9295-4936-B764-E77204EFD1E0}.Release|Any CPU.ActiveCfg = Release|Any CPU
		{CFC458F1-9295-4936-B764-E77204EFD1E0}.Release|Any CPU.Build.0 = Release|Any CPU
		{7955B533-081D-49A2-8C2D-287F19777940}.Debug|Any CPU.ActiveCfg = Debug|Any CPU
		{7955B533-081D-49A2-8C2D-287F19777940}.Debug|Any CPU.Build.0 = Debug|Any CPU
		{7955B533-081D-49A2-8C2D-287F19777940}.Release|Any CPU.ActiveCfg = Release|Any CPU
		{7955B533-081D-49A2-8C2D-287F19777940}.Release|Any CPU.Build.0 = Release|Any CPU
	EndGlobalSection
	GlobalSection(SolutionProperties) = preSolution
		HideSolutionNode = FALSE
	EndGlobalSection
EndGlobal
